// !$*UTF8*$!
{
	archiveVersion = 1;
	classes = {
	};
	objectVersion = 50;
	objects = {

/* Begin PBXBuildFile section */
		3EA2E4B021DE7DAC00179F6D /* SlideShowMenu.storyboard in Resources */ = {isa = PBXBuildFile; fileRef = 3EA2E4AF21DE7DAC00179F6D /* SlideShowMenu.storyboard */; };
		3EA2E4B421DE7E6700179F6D /* SlideShowMenuController.swift in Sources */ = {isa = PBXBuildFile; fileRef = 3EA2E4B321DE7E6700179F6D /* SlideShowMenuController.swift */; };
		3EA2E4B821DE84FA00179F6D /* PhotoSlideViewCell.swift in Sources */ = {isa = PBXBuildFile; fileRef = 3EA2E4B721DE84FA00179F6D /* PhotoSlideViewCell.swift */; };
		B8964C5721DD62730098E4A9 /* AppDelegate.swift in Sources */ = {isa = PBXBuildFile; fileRef = B8964C5621DD62730098E4A9 /* AppDelegate.swift */; };
		B8964C5921DD62730098E4A9 /* art.scnassets in Resources */ = {isa = PBXBuildFile; fileRef = B8964C5821DD62730098E4A9 /* art.scnassets */; };
		B8964C5B21DD62730098E4A9 /* ViewController.swift in Sources */ = {isa = PBXBuildFile; fileRef = B8964C5A21DD62730098E4A9 /* ViewController.swift */; };
		B8964C5E21DD62730098E4A9 /* Main.storyboard in Resources */ = {isa = PBXBuildFile; fileRef = B8964C5C21DD62730098E4A9 /* Main.storyboard */; };
		B8964C6021DD62750098E4A9 /* Assets.xcassets in Resources */ = {isa = PBXBuildFile; fileRef = B8964C5F21DD62750098E4A9 /* Assets.xcassets */; };
		B8964C6321DD62750098E4A9 /* LaunchScreen.storyboard in Resources */ = {isa = PBXBuildFile; fileRef = B8964C6121DD62750098E4A9 /* LaunchScreen.storyboard */; };
		B8964C6E21DD62750098E4A9 /* ExpectationSneakersTests.swift in Sources */ = {isa = PBXBuildFile; fileRef = B8964C6D21DD62750098E4A9 /* ExpectationSneakersTests.swift */; };
		B8964C7921DD62750098E4A9 /* ExpectationSneakersUITests.swift in Sources */ = {isa = PBXBuildFile; fileRef = B8964C7821DD62750098E4A9 /* ExpectationSneakersUITests.swift */; };
/* End PBXBuildFile section */

/* Begin PBXContainerItemProxy section */
		B8964C6A21DD62750098E4A9 /* PBXContainerItemProxy */ = {
			isa = PBXContainerItemProxy;
			containerPortal = B8964C4B21DD62730098E4A9 /* Project object */;
			proxyType = 1;
			remoteGlobalIDString = B8964C5221DD62730098E4A9;
			remoteInfo = ExpectationSneakers;
		};
		B8964C7521DD62750098E4A9 /* PBXContainerItemProxy */ = {
			isa = PBXContainerItemProxy;
			containerPortal = B8964C4B21DD62730098E4A9 /* Project object */;
			proxyType = 1;
			remoteGlobalIDString = B8964C5221DD62730098E4A9;
			remoteInfo = ExpectationSneakers;
		};
/* End PBXContainerItemProxy section */

/* Begin PBXFileReference section */
		3EA2E4AF21DE7DAC00179F6D /* SlideShowMenu.storyboard */ = {isa = PBXFileReference; lastKnownFileType = file.storyboard; path = SlideShowMenu.storyboard; sourceTree = "<group>"; };
		3EA2E4B321DE7E6700179F6D /* SlideShowMenuController.swift */ = {isa = PBXFileReference; lastKnownFileType = sourcecode.swift; path = SlideShowMenuController.swift; sourceTree = "<group>"; };
		3EA2E4B721DE84FA00179F6D /* PhotoSlideViewCell.swift */ = {isa = PBXFileReference; lastKnownFileType = sourcecode.swift; path = PhotoSlideViewCell.swift; sourceTree = "<group>"; };
		B8964C5321DD62730098E4A9 /* ExpectationSneakers.app */ = {isa = PBXFileReference; explicitFileType = wrapper.application; includeInIndex = 0; path = ExpectationSneakers.app; sourceTree = BUILT_PRODUCTS_DIR; };
		B8964C5621DD62730098E4A9 /* AppDelegate.swift */ = {isa = PBXFileReference; lastKnownFileType = sourcecode.swift; path = AppDelegate.swift; sourceTree = "<group>"; };
		B8964C5821DD62730098E4A9 /* art.scnassets */ = {isa = PBXFileReference; lastKnownFileType = wrapper.scnassets; path = art.scnassets; sourceTree = "<group>"; };
		B8964C5A21DD62730098E4A9 /* ViewController.swift */ = {isa = PBXFileReference; lastKnownFileType = sourcecode.swift; path = ViewController.swift; sourceTree = "<group>"; };
		B8964C5D21DD62730098E4A9 /* Base */ = {isa = PBXFileReference; lastKnownFileType = file.storyboard; name = Base; path = Base.lproj/Main.storyboard; sourceTree = "<group>"; };
		B8964C5F21DD62750098E4A9 /* Assets.xcassets */ = {isa = PBXFileReference; lastKnownFileType = folder.assetcatalog; path = Assets.xcassets; sourceTree = "<group>"; };
		B8964C6221DD62750098E4A9 /* Base */ = {isa = PBXFileReference; lastKnownFileType = file.storyboard; name = Base; path = Base.lproj/LaunchScreen.storyboard; sourceTree = "<group>"; };
		B8964C6421DD62750098E4A9 /* Info.plist */ = {isa = PBXFileReference; lastKnownFileType = text.plist.xml; path = Info.plist; sourceTree = "<group>"; };
		B8964C6921DD62750098E4A9 /* ExpectationSneakersTests.xctest */ = {isa = PBXFileReference; explicitFileType = wrapper.cfbundle; includeInIndex = 0; path = ExpectationSneakersTests.xctest; sourceTree = BUILT_PRODUCTS_DIR; };
		B8964C6D21DD62750098E4A9 /* ExpectationSneakersTests.swift */ = {isa = PBXFileReference; lastKnownFileType = sourcecode.swift; path = ExpectationSneakersTests.swift; sourceTree = "<group>"; };
		B8964C6F21DD62750098E4A9 /* Info.plist */ = {isa = PBXFileReference; lastKnownFileType = text.plist.xml; path = Info.plist; sourceTree = "<group>"; };
		B8964C7421DD62750098E4A9 /* ExpectationSneakersUITests.xctest */ = {isa = PBXFileReference; explicitFileType = wrapper.cfbundle; includeInIndex = 0; path = ExpectationSneakersUITests.xctest; sourceTree = BUILT_PRODUCTS_DIR; };
		B8964C7821DD62750098E4A9 /* ExpectationSneakersUITests.swift */ = {isa = PBXFileReference; lastKnownFileType = sourcecode.swift; path = ExpectationSneakersUITests.swift; sourceTree = "<group>"; };
		B8964C7A21DD62750098E4A9 /* Info.plist */ = {isa = PBXFileReference; lastKnownFileType = text.plist.xml; path = Info.plist; sourceTree = "<group>"; };
/* End PBXFileReference section */

/* Begin PBXFrameworksBuildPhase section */
		B8964C5021DD62730098E4A9 /* Frameworks */ = {
			isa = PBXFrameworksBuildPhase;
			buildActionMask = 2147483647;
			files = (
			);
			runOnlyForDeploymentPostprocessing = 0;
		};
		B8964C6621DD62750098E4A9 /* Frameworks */ = {
			isa = PBXFrameworksBuildPhase;
			buildActionMask = 2147483647;
			files = (
			);
			runOnlyForDeploymentPostprocessing = 0;
		};
		B8964C7121DD62750098E4A9 /* Frameworks */ = {
			isa = PBXFrameworksBuildPhase;
			buildActionMask = 2147483647;
			files = (
			);
			runOnlyForDeploymentPostprocessing = 0;
		};
/* End PBXFrameworksBuildPhase section */

/* Begin PBXGroup section */
		3EA2E4B221DE7E3500179F6D /* SlideShowMenu */ = {
			isa = PBXGroup;
			children = (
				3EA2E4AF21DE7DAC00179F6D /* SlideShowMenu.storyboard */,
				3EA2E4B321DE7E6700179F6D /* SlideShowMenuController.swift */,
				3EA2E4B721DE84FA00179F6D /* PhotoSlideViewCell.swift */,
			);
			name = SlideShowMenu;
			path = SlideShowMenuController;
			sourceTree = "<group>";
		};
		B8964C4A21DD62730098E4A9 = {
			isa = PBXGroup;
			children = (
				B8964C5521DD62730098E4A9 /* ExpectationSneakers */,
				B8964C6C21DD62750098E4A9 /* ExpectationSneakersTests */,
				B8964C7721DD62750098E4A9 /* ExpectationSneakersUITests */,
				B8964C5421DD62730098E4A9 /* Products */,
			);
			sourceTree = "<group>";
		};
		B8964C5421DD62730098E4A9 /* Products */ = {
			isa = PBXGroup;
			children = (
				B8964C5321DD62730098E4A9 /* ExpectationSneakers.app */,
				B8964C6921DD62750098E4A9 /* ExpectationSneakersTests.xctest */,
				B8964C7421DD62750098E4A9 /* ExpectationSneakersUITests.xctest */,
			);
			name = Products;
			sourceTree = "<group>";
		};
		B8964C5521DD62730098E4A9 /* ExpectationSneakers */ = {
			isa = PBXGroup;
			children = (
				3EA2E4B221DE7E3500179F6D /* SlideShowMenu */,
				B8964C5621DD62730098E4A9 /* AppDelegate.swift */,
				B8964C5821DD62730098E4A9 /* art.scnassets */,
				B8964C5A21DD62730098E4A9 /* ViewController.swift */,
				B8964C5C21DD62730098E4A9 /* Main.storyboard */,
				B8964C5F21DD62750098E4A9 /* Assets.xcassets */,
				B8964C6121DD62750098E4A9 /* LaunchScreen.storyboard */,
				B8964C6421DD62750098E4A9 /* Info.plist */,
			);
			path = ExpectationSneakers;
			sourceTree = "<group>";
		};
		B8964C6C21DD62750098E4A9 /* ExpectationSneakersTests */ = {
			isa = PBXGroup;
			children = (
				B8964C6D21DD62750098E4A9 /* ExpectationSneakersTests.swift */,
				B8964C6F21DD62750098E4A9 /* Info.plist */,
			);
			path = ExpectationSneakersTests;
			sourceTree = "<group>";
		};
		B8964C7721DD62750098E4A9 /* ExpectationSneakersUITests */ = {
			isa = PBXGroup;
			children = (
				B8964C7821DD62750098E4A9 /* ExpectationSneakersUITests.swift */,
				B8964C7A21DD62750098E4A9 /* Info.plist */,
			);
			path = ExpectationSneakersUITests;
			sourceTree = "<group>";
		};
/* End PBXGroup section */

/* Begin PBXNativeTarget section */
		B8964C5221DD62730098E4A9 /* ExpectationSneakers */ = {
			isa = PBXNativeTarget;
			buildConfigurationList = B8964C7D21DD62750098E4A9 /* Build configuration list for PBXNativeTarget "ExpectationSneakers" */;
			buildPhases = (
				B8964C4F21DD62730098E4A9 /* Sources */,
				B8964C5021DD62730098E4A9 /* Frameworks */,
				B8964C5121DD62730098E4A9 /* Resources */,
			);
			buildRules = (
			);
			dependencies = (
			);
			name = ExpectationSneakers;
			productName = ExpectationSneakers;
			productReference = B8964C5321DD62730098E4A9 /* ExpectationSneakers.app */;
			productType = "com.apple.product-type.application";
		};
		B8964C6821DD62750098E4A9 /* ExpectationSneakersTests */ = {
			isa = PBXNativeTarget;
			buildConfigurationList = B8964C8021DD62750098E4A9 /* Build configuration list for PBXNativeTarget "ExpectationSneakersTests" */;
			buildPhases = (
				B8964C6521DD62750098E4A9 /* Sources */,
				B8964C6621DD62750098E4A9 /* Frameworks */,
				B8964C6721DD62750098E4A9 /* Resources */,
			);
			buildRules = (
			);
			dependencies = (
				B8964C6B21DD62750098E4A9 /* PBXTargetDependency */,
			);
			name = ExpectationSneakersTests;
			productName = ExpectationSneakersTests;
			productReference = B8964C6921DD62750098E4A9 /* ExpectationSneakersTests.xctest */;
			productType = "com.apple.product-type.bundle.unit-test";
		};
		B8964C7321DD62750098E4A9 /* ExpectationSneakersUITests */ = {
			isa = PBXNativeTarget;
			buildConfigurationList = B8964C8321DD62750098E4A9 /* Build configuration list for PBXNativeTarget "ExpectationSneakersUITests" */;
			buildPhases = (
				B8964C7021DD62750098E4A9 /* Sources */,
				B8964C7121DD62750098E4A9 /* Frameworks */,
				B8964C7221DD62750098E4A9 /* Resources */,
			);
			buildRules = (
			);
			dependencies = (
				B8964C7621DD62750098E4A9 /* PBXTargetDependency */,
			);
			name = ExpectationSneakersUITests;
			productName = ExpectationSneakersUITests;
			productReference = B8964C7421DD62750098E4A9 /* ExpectationSneakersUITests.xctest */;
			productType = "com.apple.product-type.bundle.ui-testing";
		};
/* End PBXNativeTarget section */

/* Begin PBXProject section */
		B8964C4B21DD62730098E4A9 /* Project object */ = {
			isa = PBXProject;
			attributes = {
				LastSwiftUpdateCheck = 1010;
				LastUpgradeCheck = 1010;
				ORGANIZATIONNAME = "Brian Morales";
				TargetAttributes = {
					B8964C5221DD62730098E4A9 = {
						CreatedOnToolsVersion = 10.1;
					};
					B8964C6821DD62750098E4A9 = {
						CreatedOnToolsVersion = 10.1;
						TestTargetID = B8964C5221DD62730098E4A9;
					};
					B8964C7321DD62750098E4A9 = {
						CreatedOnToolsVersion = 10.1;
						TestTargetID = B8964C5221DD62730098E4A9;
					};
				};
			};
			buildConfigurationList = B8964C4E21DD62730098E4A9 /* Build configuration list for PBXProject "ExpectationSneakers" */;
			compatibilityVersion = "Xcode 9.3";
			developmentRegion = en;
			hasScannedForEncodings = 0;
			knownRegions = (
				en,
				Base,
			);
			mainGroup = B8964C4A21DD62730098E4A9;
			productRefGroup = B8964C5421DD62730098E4A9 /* Products */;
			projectDirPath = "";
			projectRoot = "";
			targets = (
				B8964C5221DD62730098E4A9 /* ExpectationSneakers */,
				B8964C6821DD62750098E4A9 /* ExpectationSneakersTests */,
				B8964C7321DD62750098E4A9 /* ExpectationSneakersUITests */,
			);
		};
/* End PBXProject section */

/* Begin PBXResourcesBuildPhase section */
		B8964C5121DD62730098E4A9 /* Resources */ = {
			isa = PBXResourcesBuildPhase;
			buildActionMask = 2147483647;
			files = (
				3EA2E4B021DE7DAC00179F6D /* SlideShowMenu.storyboard in Resources */,
				B8964C5921DD62730098E4A9 /* art.scnassets in Resources */,
				B8964C6321DD62750098E4A9 /* LaunchScreen.storyboard in Resources */,
				B8964C6021DD62750098E4A9 /* Assets.xcassets in Resources */,
				B8964C5E21DD62730098E4A9 /* Main.storyboard in Resources */,
			);
			runOnlyForDeploymentPostprocessing = 0;
		};
		B8964C6721DD62750098E4A9 /* Resources */ = {
			isa = PBXResourcesBuildPhase;
			buildActionMask = 2147483647;
			files = (
			);
			runOnlyForDeploymentPostprocessing = 0;
		};
		B8964C7221DD62750098E4A9 /* Resources */ = {
			isa = PBXResourcesBuildPhase;
			buildActionMask = 2147483647;
			files = (
			);
			runOnlyForDeploymentPostprocessing = 0;
		};
/* End PBXResourcesBuildPhase section */

/* Begin PBXSourcesBuildPhase section */
		B8964C4F21DD62730098E4A9 /* Sources */ = {
			isa = PBXSourcesBuildPhase;
			buildActionMask = 2147483647;
			files = (
				B8964C5B21DD62730098E4A9 /* ViewController.swift in Sources */,
				3EA2E4B821DE84FA00179F6D /* PhotoSlideViewCell.swift in Sources */,
				B8964C5721DD62730098E4A9 /* AppDelegate.swift in Sources */,
				3EA2E4B421DE7E6700179F6D /* SlideShowMenuController.swift in Sources */,
			);
			runOnlyForDeploymentPostprocessing = 0;
		};
		B8964C6521DD62750098E4A9 /* Sources */ = {
			isa = PBXSourcesBuildPhase;
			buildActionMask = 2147483647;
			files = (
				B8964C6E21DD62750098E4A9 /* ExpectationSneakersTests.swift in Sources */,
			);
			runOnlyForDeploymentPostprocessing = 0;
		};
		B8964C7021DD62750098E4A9 /* Sources */ = {
			isa = PBXSourcesBuildPhase;
			buildActionMask = 2147483647;
			files = (
				B8964C7921DD62750098E4A9 /* ExpectationSneakersUITests.swift in Sources */,
			);
			runOnlyForDeploymentPostprocessing = 0;
		};
/* End PBXSourcesBuildPhase section */

/* Begin PBXTargetDependency section */
		B8964C6B21DD62750098E4A9 /* PBXTargetDependency */ = {
			isa = PBXTargetDependency;
			target = B8964C5221DD62730098E4A9 /* ExpectationSneakers */;
			targetProxy = B8964C6A21DD62750098E4A9 /* PBXContainerItemProxy */;
		};
		B8964C7621DD62750098E4A9 /* PBXTargetDependency */ = {
			isa = PBXTargetDependency;
			target = B8964C5221DD62730098E4A9 /* ExpectationSneakers */;
			targetProxy = B8964C7521DD62750098E4A9 /* PBXContainerItemProxy */;
		};
/* End PBXTargetDependency section */

/* Begin PBXVariantGroup section */
		B8964C5C21DD62730098E4A9 /* Main.storyboard */ = {
			isa = PBXVariantGroup;
			children = (
				B8964C5D21DD62730098E4A9 /* Base */,
			);
			name = Main.storyboard;
			sourceTree = "<group>";
		};
		B8964C6121DD62750098E4A9 /* LaunchScreen.storyboard */ = {
			isa = PBXVariantGroup;
			children = (
				B8964C6221DD62750098E4A9 /* Base */,
			);
			name = LaunchScreen.storyboard;
			sourceTree = "<group>";
		};
/* End PBXVariantGroup section */

/* Begin XCBuildConfiguration section */
		B8964C7B21DD62750098E4A9 /* Debug */ = {
			isa = XCBuildConfiguration;
			buildSettings = {
				ALWAYS_SEARCH_USER_PATHS = NO;
				CLANG_ANALYZER_NONNULL = YES;
				CLANG_ANALYZER_NUMBER_OBJECT_CONVERSION = YES_AGGRESSIVE;
				CLANG_CXX_LANGUAGE_STANDARD = "gnu++14";
				CLANG_CXX_LIBRARY = "libc++";
				CLANG_ENABLE_MODULES = YES;
				CLANG_ENABLE_OBJC_ARC = YES;
				CLANG_ENABLE_OBJC_WEAK = YES;
				CLANG_WARN_BLOCK_CAPTURE_AUTORELEASING = YES;
				CLANG_WARN_BOOL_CONVERSION = YES;
				CLANG_WARN_COMMA = YES;
				CLANG_WARN_CONSTANT_CONVERSION = YES;
				CLANG_WARN_DEPRECATED_OBJC_IMPLEMENTATIONS = YES;
				CLANG_WARN_DIRECT_OBJC_ISA_USAGE = YES_ERROR;
				CLANG_WARN_DOCUMENTATION_COMMENTS = YES;
				CLANG_WARN_EMPTY_BODY = YES;
				CLANG_WARN_ENUM_CONVERSION = YES;
				CLANG_WARN_INFINITE_RECURSION = YES;
				CLANG_WARN_INT_CONVERSION = YES;
				CLANG_WARN_NON_LITERAL_NULL_CONVERSION = YES;
				CLANG_WARN_OBJC_IMPLICIT_RETAIN_SELF = YES;
				CLANG_WARN_OBJC_LITERAL_CONVERSION = YES;
				CLANG_WARN_OBJC_ROOT_CLASS = YES_ERROR;
				CLANG_WARN_RANGE_LOOP_ANALYSIS = YES;
				CLANG_WARN_STRICT_PROTOTYPES = YES;
				CLANG_WARN_SUSPICIOUS_MOVE = YES;
				CLANG_WARN_UNGUARDED_AVAILABILITY = YES_AGGRESSIVE;
				CLANG_WARN_UNREACHABLE_CODE = YES;
				CLANG_WARN__DUPLICATE_METHOD_MATCH = YES;
				CODE_SIGN_IDENTITY = "iPhone Developer";
				COPY_PHASE_STRIP = NO;
				DEBUG_INFORMATION_FORMAT = dwarf;
				ENABLE_STRICT_OBJC_MSGSEND = YES;
				ENABLE_TESTABILITY = YES;
				GCC_C_LANGUAGE_STANDARD = gnu11;
				GCC_DYNAMIC_NO_PIC = NO;
				GCC_NO_COMMON_BLOCKS = YES;
				GCC_OPTIMIZATION_LEVEL = 0;
				GCC_PREPROCESSOR_DEFINITIONS = (
					"DEBUG=1",
					"$(inherited)",
				);
				GCC_WARN_64_TO_32_BIT_CONVERSION = YES;
				GCC_WARN_ABOUT_RETURN_TYPE = YES_ERROR;
				GCC_WARN_UNDECLARED_SELECTOR = YES;
				GCC_WARN_UNINITIALIZED_AUTOS = YES_AGGRESSIVE;
				GCC_WARN_UNUSED_FUNCTION = YES;
				GCC_WARN_UNUSED_VARIABLE = YES;
				IPHONEOS_DEPLOYMENT_TARGET = 12.1;
				MTL_ENABLE_DEBUG_INFO = INCLUDE_SOURCE;
				MTL_FAST_MATH = YES;
				ONLY_ACTIVE_ARCH = YES;
				SDKROOT = iphoneos;
				SWIFT_ACTIVE_COMPILATION_CONDITIONS = DEBUG;
				SWIFT_OPTIMIZATION_LEVEL = "-Onone";
			};
			name = Debug;
		};
		B8964C7C21DD62750098E4A9 /* Release */ = {
			isa = XCBuildConfiguration;
			buildSettings = {
				ALWAYS_SEARCH_USER_PATHS = NO;
				CLANG_ANALYZER_NONNULL = YES;
				CLANG_ANALYZER_NUMBER_OBJECT_CONVERSION = YES_AGGRESSIVE;
				CLANG_CXX_LANGUAGE_STANDARD = "gnu++14";
				CLANG_CXX_LIBRARY = "libc++";
				CLANG_ENABLE_MODULES = YES;
				CLANG_ENABLE_OBJC_ARC = YES;
				CLANG_ENABLE_OBJC_WEAK = YES;
				CLANG_WARN_BLOCK_CAPTURE_AUTORELEASING = YES;
				CLANG_WARN_BOOL_CONVERSION = YES;
				CLANG_WARN_COMMA = YES;
				CLANG_WARN_CONSTANT_CONVERSION = YES;
				CLANG_WARN_DEPRECATED_OBJC_IMPLEMENTATIONS = YES;
				CLANG_WARN_DIRECT_OBJC_ISA_USAGE = YES_ERROR;
				CLANG_WARN_DOCUMENTATION_COMMENTS = YES;
				CLANG_WARN_EMPTY_BODY = YES;
				CLANG_WARN_ENUM_CONVERSION = YES;
				CLANG_WARN_INFINITE_RECURSION = YES;
				CLANG_WARN_INT_CONVERSION = YES;
				CLANG_WARN_NON_LITERAL_NULL_CONVERSION = YES;
				CLANG_WARN_OBJC_IMPLICIT_RETAIN_SELF = YES;
				CLANG_WARN_OBJC_LITERAL_CONVERSION = YES;
				CLANG_WARN_OBJC_ROOT_CLASS = YES_ERROR;
				CLANG_WARN_RANGE_LOOP_ANALYSIS = YES;
				CLANG_WARN_STRICT_PROTOTYPES = YES;
				CLANG_WARN_SUSPICIOUS_MOVE = YES;
				CLANG_WARN_UNGUARDED_AVAILABILITY = YES_AGGRESSIVE;
				CLANG_WARN_UNREACHABLE_CODE = YES;
				CLANG_WARN__DUPLICATE_METHOD_MATCH = YES;
				CODE_SIGN_IDENTITY = "iPhone Developer";
				COPY_PHASE_STRIP = NO;
				DEBUG_INFORMATION_FORMAT = "dwarf-with-dsym";
				ENABLE_NS_ASSERTIONS = NO;
				ENABLE_STRICT_OBJC_MSGSEND = YES;
				GCC_C_LANGUAGE_STANDARD = gnu11;
				GCC_NO_COMMON_BLOCKS = YES;
				GCC_WARN_64_TO_32_BIT_CONVERSION = YES;
				GCC_WARN_ABOUT_RETURN_TYPE = YES_ERROR;
				GCC_WARN_UNDECLARED_SELECTOR = YES;
				GCC_WARN_UNINITIALIZED_AUTOS = YES_AGGRESSIVE;
				GCC_WARN_UNUSED_FUNCTION = YES;
				GCC_WARN_UNUSED_VARIABLE = YES;
				IPHONEOS_DEPLOYMENT_TARGET = 12.1;
				MTL_ENABLE_DEBUG_INFO = NO;
				MTL_FAST_MATH = YES;
				SDKROOT = iphoneos;
				SWIFT_COMPILATION_MODE = wholemodule;
				SWIFT_OPTIMIZATION_LEVEL = "-O";
				VALIDATE_PRODUCT = YES;
			};
			name = Release;
		};
		B8964C7E21DD62750098E4A9 /* Debug */ = {
			isa = XCBuildConfiguration;
			buildSettings = {
				ASSETCATALOG_COMPILER_APPICON_NAME = AppIcon;
				CODE_SIGN_STYLE = Automatic;
				DEVELOPMENT_TEAM = "";
				INFOPLIST_FILE = ExpectationSneakers/Info.plist;
				LD_RUNPATH_SEARCH_PATHS = (
					"$(inherited)",
					"@executable_path/Frameworks",
				);
				PRODUCT_BUNDLE_IDENTIFIER = BMO.ExpectationSneakers;
				PRODUCT_NAME = "$(TARGET_NAME)";
				SWIFT_VERSION = 4.2;
				TARGETED_DEVICE_FAMILY = "1,2";
			};
			name = Debug;
		};
		B8964C7F21DD62750098E4A9 /* Release */ = {
			isa = XCBuildConfiguration;
			buildSettings = {
				ASSETCATALOG_COMPILER_APPICON_NAME = AppIcon;
				CODE_SIGN_STYLE = Automatic;
				DEVELOPMENT_TEAM = "";
				INFOPLIST_FILE = ExpectationSneakers/Info.plist;
				LD_RUNPATH_SEARCH_PATHS = (
					"$(inherited)",
					"@executable_path/Frameworks",
				);
				PRODUCT_BUNDLE_IDENTIFIER = BMO.ExpectationSneakers;
				PRODUCT_NAME = "$(TARGET_NAME)";
				SWIFT_VERSION = 4.2;
				TARGETED_DEVICE_FAMILY = "1,2";
			};
			name = Release;
		};
		B8964C8121DD62750098E4A9 /* Debug */ = {
			isa = XCBuildConfiguration;
			buildSettings = {
				ALWAYS_EMBED_SWIFT_STANDARD_LIBRARIES = YES;
				BUNDLE_LOADER = "$(TEST_HOST)";
				CODE_SIGN_STYLE = Automatic;
				DEVELOPMENT_TEAM = 33B4V79W5J;
				INFOPLIST_FILE = ExpectationSneakersTests/Info.plist;
				LD_RUNPATH_SEARCH_PATHS = (
					"$(inherited)",
					"@executable_path/Frameworks",
					"@loader_path/Frameworks",
				);
				PRODUCT_BUNDLE_IDENTIFIER = BMO.ExpectationSneakersTests;
				PRODUCT_NAME = "$(TARGET_NAME)";
				SWIFT_VERSION = 4.2;
				TARGETED_DEVICE_FAMILY = "1,2";
				TEST_HOST = "$(BUILT_PRODUCTS_DIR)/ExpectationSneakers.app/ExpectationSneakers";
			};
			name = Debug;
		};
		B8964C8221DD62750098E4A9 /* Release */ = {
			isa = XCBuildConfiguration;
			buildSettings = {
				ALWAYS_EMBED_SWIFT_STANDARD_LIBRARIES = YES;
				BUNDLE_LOADER = "$(TEST_HOST)";
				CODE_SIGN_STYLE = Automatic;
				DEVELOPMENT_TEAM = 33B4V79W5J;
				INFOPLIST_FILE = ExpectationSneakersTests/Info.plist;
				LD_RUNPATH_SEARCH_PATHS = (
					"$(inherited)",
					"@executable_path/Frameworks",
					"@loader_path/Frameworks",
				);
				PRODUCT_BUNDLE_IDENTIFIER = BMO.ExpectationSneakersTests;
				PRODUCT_NAME = "$(TARGET_NAME)";
				SWIFT_VERSION = 4.2;
				TARGETED_DEVICE_FAMILY = "1,2";
				TEST_HOST = "$(BUILT_PRODUCTS_DIR)/ExpectationSneakers.app/ExpectationSneakers";
			};
			name = Release;
		};
		B8964C8421DD62750098E4A9 /* Debug */ = {
			isa = XCBuildConfiguration;
			buildSettings = {
				ALWAYS_EMBED_SWIFT_STANDARD_LIBRARIES = YES;
				CODE_SIGN_STYLE = Automatic;
				DEVELOPMENT_TEAM = 33B4V79W5J;
				INFOPLIST_FILE = ExpectationSneakersUITests/Info.plist;
				LD_RUNPATH_SEARCH_PATHS = (
					"$(inherited)",
					"@executable_path/Frameworks",
					"@loader_path/Frameworks",
				);
				PRODUCT_BUNDLE_IDENTIFIER = BMO.ExpectationSneakersUITests;
				PRODUCT_NAME = "$(TARGET_NAME)";
				SWIFT_VERSION = 4.2;
				TARGETED_DEVICE_FAMILY = "1,2";
				TEST_TARGET_NAME = ExpectationSneakers;
			};
			name = Debug;
		};
		B8964C8521DD62750098E4A9 /* Release */ = {
			isa = XCBuildConfiguration;
			buildSettings = {
				ALWAYS_EMBED_SWIFT_STANDARD_LIBRARIES = YES;
				CODE_SIGN_STYLE = Automatic;
				DEVELOPMENT_TEAM = 33B4V79W5J;
				INFOPLIST_FILE = ExpectationSneakersUITests/Info.plist;
				LD_RUNPATH_SEARCH_PATHS = (
					"$(inherited)",
					"@executable_path/Frameworks",
					"@loader_path/Frameworks",
				);
				PRODUCT_BUNDLE_IDENTIFIER = BMO.ExpectationSneakersUITests;
				PRODUCT_NAME = "$(TARGET_NAME)";
				SWIFT_VERSION = 4.2;
				TARGETED_DEVICE_FAMILY = "1,2";
				TEST_TARGET_NAME = ExpectationSneakers;
			};
			name = Release;
		};
/* End XCBuildConfiguration section */

/* Begin XCConfigurationList section */
		B8964C4E21DD62730098E4A9 /* Build configuration list for PBXProject "ExpectationSneakers" */ = {
			isa = XCConfigurationList;
			buildConfigurations = (
				B8964C7B21DD62750098E4A9 /* Debug */,
				B8964C7C21DD62750098E4A9 /* Release */,
			);
			defaultConfigurationIsVisible = 0;
			defaultConfigurationName = Release;
		};
		B8964C7D21DD62750098E4A9 /* Build configuration list for PBXNativeTarget "ExpectationSneakers" */ = {
			isa = XCConfigurationList;
			buildConfigurations = (
				B8964C7E21DD62750098E4A9 /* Debug */,
				B8964C7F21DD62750098E4A9 /* Release */,
			);
			defaultConfigurationIsVisible = 0;
			defaultConfigurationName = Release;
		};
		B8964C8021DD62750098E4A9 /* Build configuration list for PBXNativeTarget "ExpectationSneakersTests" */ = {
			isa = XCConfigurationList;
			buildConfigurations = (
				B8964C8121DD62750098E4A9 /* Debug */,
				B8964C8221DD62750098E4A9 /* Release */,
			);
			defaultConfigurationIsVisible = 0;
			defaultConfigurationName = Release;
		};
		B8964C8321DD62750098E4A9 /* Build configuration list for PBXNativeTarget "ExpectationSneakersUITests" */ = {
			isa = XCConfigurationList;
			buildConfigurations = (
				B8964C8421DD62750098E4A9 /* Debug */,
				B8964C8521DD62750098E4A9 /* Release */,
			);
			defaultConfigurationIsVisible = 0;
			defaultConfigurationName = Release;
		};
/* End XCConfigurationList section */
	};
	rootObject = B8964C4B21DD62730098E4A9 /* Project object */;
}
