// !$*UTF8*$!
{
	archiveVersion = 1;
	classes = {
	};
	objectVersion = 50;
	objects = {

/* Begin PBXBuildFile section */
		12F920E1EFC5FDE1484D9C64 /* Pods_ExpectationSneakersUITests.framework in Frameworks */ = {isa = PBXBuildFile; fileRef = 44169B53004268A236D45E52 /* Pods_ExpectationSneakersUITests.framework */; };
		3E1DA56321E27726004FF573 /* SizeViewCell.swift in Sources */ = {isa = PBXBuildFile; fileRef = 3E1DA56221E27726004FF573 /* SizeViewCell.swift */; };
		3E69E52421E725000098FEE5 /* Stock.storyboard in Resources */ = {isa = PBXBuildFile; fileRef = 3E69E52321E725000098FEE5 /* Stock.storyboard */; };
		3E69E52621E7263E0098FEE5 /* StockCollectionController.swift in Sources */ = {isa = PBXBuildFile; fileRef = 3E69E52521E7263E0098FEE5 /* StockCollectionController.swift */; };
		3E88205021E585A60013B0C6 /* MainMeasure.storyboard in Resources */ = {isa = PBXBuildFile; fileRef = 3E88204F21E585A60013B0C6 /* MainMeasure.storyboard */; };
		3E88205621E585EA0013B0C6 /* add.png in Resources */ = {isa = PBXBuildFile; fileRef = 3E88205121E585EA0013B0C6 /* add.png */; };
		3E88205721E585EA0013B0C6 /* grid.png in Resources */ = {isa = PBXBuildFile; fileRef = 3E88205221E585EA0013B0C6 /* grid.png */; };
		3E88205821E585EA0013B0C6 /* ViewMeasureController.swift in Sources */ = {isa = PBXBuildFile; fileRef = 3E88205321E585EA0013B0C6 /* ViewMeasureController.swift */; };
		3E88205921E585EA0013B0C6 /* focus_square.png in Resources */ = {isa = PBXBuildFile; fileRef = 3E88205421E585EA0013B0C6 /* focus_square.png */; };
		3E88205A21E585EA0013B0C6 /* Plane.swift in Sources */ = {isa = PBXBuildFile; fileRef = 3E88205521E585EA0013B0C6 /* Plane.swift */; };
		3E88205C21E5BEFF0013B0C6 /* SCNSphere+Init.swift in Sources */ = {isa = PBXBuildFile; fileRef = 3E88205B21E5BEFF0013B0C6 /* SCNSphere+Init.swift */; };
		3E88205E21E5CB890013B0C6 /* TextNode.swift in Sources */ = {isa = PBXBuildFile; fileRef = 3E88205D21E5CB890013B0C6 /* TextNode.swift */; };
		3E89298D21DF03FB00047EF1 /* MainTabBar.storyboard in Resources */ = {isa = PBXBuildFile; fileRef = 3E89298C21DF03FB00047EF1 /* MainTabBar.storyboard */; };
		3E89298F21DF0FB300047EF1 /* TopCellViewCell.swift in Sources */ = {isa = PBXBuildFile; fileRef = 3E89298E21DF0FB300047EF1 /* TopCellViewCell.swift */; };
		3E89299221DF2A3700047EF1 /* Sneaker.swift in Sources */ = {isa = PBXBuildFile; fileRef = 3E89299121DF2A3700047EF1 /* Sneaker.swift */; };
		3E89299421DF2BEB00047EF1 /* SneakerService.swift in Sources */ = {isa = PBXBuildFile; fileRef = 3E89299321DF2BEB00047EF1 /* SneakerService.swift */; };
		3EA2E4B021DE7DAC00179F6D /* SlideShowMenu.storyboard in Resources */ = {isa = PBXBuildFile; fileRef = 3EA2E4AF21DE7DAC00179F6D /* SlideShowMenu.storyboard */; };
		3EA2E4B421DE7E6700179F6D /* SlideShowMenuController.swift in Sources */ = {isa = PBXBuildFile; fileRef = 3EA2E4B321DE7E6700179F6D /* SlideShowMenuController.swift */; };
		3EA2E4B821DE84FA00179F6D /* PhotoSlideViewCell.swift in Sources */ = {isa = PBXBuildFile; fileRef = 3EA2E4B721DE84FA00179F6D /* PhotoSlideViewCell.swift */; };
		3EF7835721DFE43D000F42E7 /* ChooseSneaker.storyboard in Resources */ = {isa = PBXBuildFile; fileRef = 3EF7835621DFE43D000F42E7 /* ChooseSneaker.storyboard */; };
		3EF7835921DFE835000F42E7 /* ChooseSneakerController.swift in Sources */ = {isa = PBXBuildFile; fileRef = 3EF7835821DFE835000F42E7 /* ChooseSneakerController.swift */; };
		3EF996F221E83C6E00689F1B /* StockViewCell.swift in Sources */ = {isa = PBXBuildFile; fileRef = 3EF996F121E83C6E00689F1B /* StockViewCell.swift */; };
		3EF996F521E87CC300689F1B /* Cart.storyboard in Resources */ = {isa = PBXBuildFile; fileRef = 3EF996F421E87CC300689F1B /* Cart.storyboard */; };
		3EF996F721E87DDB00689F1B /* CartTableViewController.swift in Sources */ = {isa = PBXBuildFile; fileRef = 3EF996F621E87DDB00689F1B /* CartTableViewController.swift */; };
		3EFAC74321EC3C84005150D2 /* GoogleService-Info.plist in Resources */ = {isa = PBXBuildFile; fileRef = 3EFAC74221EC3C84005150D2 /* GoogleService-Info.plist */; };
		3EFAC74621EC3CC3005150D2 /* LoadSneakerUser.storyboard in Resources */ = {isa = PBXBuildFile; fileRef = 3EFAC74521EC3CC3005150D2 /* LoadSneakerUser.storyboard */; };
		3EFAC74821EC3D1F005150D2 /* LoadSneakerUser.swift in Sources */ = {isa = PBXBuildFile; fileRef = 3EFAC74721EC3D1F005150D2 /* LoadSneakerUser.swift */; };
		3EFAC74A21EC41D0005150D2 /* SneakerFirebase.swift in Sources */ = {isa = PBXBuildFile; fileRef = 3EFAC74921EC41D0005150D2 /* SneakerFirebase.swift */; };
		3EFAF0CA21E45D240050DE45 /* MeasureShoesStoryboard.storyboard in Resources */ = {isa = PBXBuildFile; fileRef = 3EFAF0C921E45D240050DE45 /* MeasureShoesStoryboard.storyboard */; };
		3EFAF0CC21E45D680050DE45 /* MeasureShoeViewController.swift in Sources */ = {isa = PBXBuildFile; fileRef = 3EFAF0CB21E45D680050DE45 /* MeasureShoeViewController.swift */; };
		3EFAF0CE21E45DEB0050DE45 /* SphereNode.swift in Sources */ = {isa = PBXBuildFile; fileRef = 3EFAF0CD21E45DEB0050DE45 /* SphereNode.swift */; };
		3EFBE7E421E6F74600D1696C /* Brands.storyboard in Resources */ = {isa = PBXBuildFile; fileRef = 3EFBE7E321E6F74600D1696C /* Brands.storyboard */; };
		3EFBE7E621E6F78E00D1696C /* BrandsTableController.swift in Sources */ = {isa = PBXBuildFile; fileRef = 3EFBE7E521E6F78E00D1696C /* BrandsTableController.swift */; };
		883A78226FCDA49DCDD95C71 /* Pods_ExpectationSneakers.framework in Frameworks */ = {isa = PBXBuildFile; fileRef = AC44FCF825CBF08379B3AF75 /* Pods_ExpectationSneakers.framework */; };
		B8964C5721DD62730098E4A9 /* AppDelegate.swift in Sources */ = {isa = PBXBuildFile; fileRef = B8964C5621DD62730098E4A9 /* AppDelegate.swift */; };
		B8964C5921DD62730098E4A9 /* art.scnassets in Resources */ = {isa = PBXBuildFile; fileRef = B8964C5821DD62730098E4A9 /* art.scnassets */; };
		B8964C5B21DD62730098E4A9 /* ViewController.swift in Sources */ = {isa = PBXBuildFile; fileRef = B8964C5A21DD62730098E4A9 /* ViewController.swift */; };
		B8964C5E21DD62730098E4A9 /* Main.storyboard in Resources */ = {isa = PBXBuildFile; fileRef = B8964C5C21DD62730098E4A9 /* Main.storyboard */; };
		B8964C6021DD62750098E4A9 /* Assets.xcassets in Resources */ = {isa = PBXBuildFile; fileRef = B8964C5F21DD62750098E4A9 /* Assets.xcassets */; };
		B8964C6321DD62750098E4A9 /* LaunchScreen.storyboard in Resources */ = {isa = PBXBuildFile; fileRef = B8964C6121DD62750098E4A9 /* LaunchScreen.storyboard */; };
		B8964C6E21DD62750098E4A9 /* ExpectationSneakersTests.swift in Sources */ = {isa = PBXBuildFile; fileRef = B8964C6D21DD62750098E4A9 /* ExpectationSneakersTests.swift */; };
		B8964C7921DD62750098E4A9 /* ExpectationSneakersUITests.swift in Sources */ = {isa = PBXBuildFile; fileRef = B8964C7821DD62750098E4A9 /* ExpectationSneakersUITests.swift */; };
		C28EA026B4A32B195009F36B /* Pods_ExpectationSneakersTests.framework in Frameworks */ = {isa = PBXBuildFile; fileRef = 1A98AB5BAD2C39D614A1FDA2 /* Pods_ExpectationSneakersTests.framework */; };
/* End PBXBuildFile section */

/* Begin PBXContainerItemProxy section */
		B8964C6A21DD62750098E4A9 /* PBXContainerItemProxy */ = {
			isa = PBXContainerItemProxy;
			containerPortal = B8964C4B21DD62730098E4A9 /* Project object */;
			proxyType = 1;
			remoteGlobalIDString = B8964C5221DD62730098E4A9;
			remoteInfo = ExpectationSneakers;
		};
		B8964C7521DD62750098E4A9 /* PBXContainerItemProxy */ = {
			isa = PBXContainerItemProxy;
			containerPortal = B8964C4B21DD62730098E4A9 /* Project object */;
			proxyType = 1;
			remoteGlobalIDString = B8964C5221DD62730098E4A9;
			remoteInfo = ExpectationSneakers;
		};
/* End PBXContainerItemProxy section */

/* Begin PBXFileReference section */
		1A98AB5BAD2C39D614A1FDA2 /* Pods_ExpectationSneakersTests.framework */ = {isa = PBXFileReference; explicitFileType = wrapper.framework; includeInIndex = 0; path = Pods_ExpectationSneakersTests.framework; sourceTree = BUILT_PRODUCTS_DIR; };
		3E1DA56221E27726004FF573 /* SizeViewCell.swift */ = {isa = PBXFileReference; lastKnownFileType = sourcecode.swift; path = SizeViewCell.swift; sourceTree = "<group>"; };
		3E69E52321E725000098FEE5 /* Stock.storyboard */ = {isa = PBXFileReference; lastKnownFileType = file.storyboard; path = Stock.storyboard; sourceTree = "<group>"; };
		3E69E52521E7263E0098FEE5 /* StockCollectionController.swift */ = {isa = PBXFileReference; lastKnownFileType = sourcecode.swift; path = StockCollectionController.swift; sourceTree = "<group>"; };
		3E88204F21E585A60013B0C6 /* MainMeasure.storyboard */ = {isa = PBXFileReference; fileEncoding = 4; lastKnownFileType = file.storyboard; path = MainMeasure.storyboard; sourceTree = "<group>"; };
		3E88205121E585EA0013B0C6 /* add.png */ = {isa = PBXFileReference; lastKnownFileType = image.png; path = add.png; sourceTree = "<group>"; };
		3E88205221E585EA0013B0C6 /* grid.png */ = {isa = PBXFileReference; lastKnownFileType = image.png; path = grid.png; sourceTree = "<group>"; };
		3E88205321E585EA0013B0C6 /* ViewMeasureController.swift */ = {isa = PBXFileReference; fileEncoding = 4; lastKnownFileType = sourcecode.swift; path = ViewMeasureController.swift; sourceTree = "<group>"; };
		3E88205421E585EA0013B0C6 /* focus_square.png */ = {isa = PBXFileReference; lastKnownFileType = image.png; path = focus_square.png; sourceTree = "<group>"; };
		3E88205521E585EA0013B0C6 /* Plane.swift */ = {isa = PBXFileReference; fileEncoding = 4; lastKnownFileType = sourcecode.swift; path = Plane.swift; sourceTree = "<group>"; };
		3E88205B21E5BEFF0013B0C6 /* SCNSphere+Init.swift */ = {isa = PBXFileReference; fileEncoding = 4; lastKnownFileType = sourcecode.swift; path = "SCNSphere+Init.swift"; sourceTree = "<group>"; };
		3E88205D21E5CB890013B0C6 /* TextNode.swift */ = {isa = PBXFileReference; lastKnownFileType = sourcecode.swift; path = TextNode.swift; sourceTree = "<group>"; };
		3E89298C21DF03FB00047EF1 /* MainTabBar.storyboard */ = {isa = PBXFileReference; lastKnownFileType = file.storyboard; path = MainTabBar.storyboard; sourceTree = "<group>"; };
		3E89298E21DF0FB300047EF1 /* TopCellViewCell.swift */ = {isa = PBXFileReference; lastKnownFileType = sourcecode.swift; path = TopCellViewCell.swift; sourceTree = "<group>"; };
		3E89299121DF2A3700047EF1 /* Sneaker.swift */ = {isa = PBXFileReference; lastKnownFileType = sourcecode.swift; path = Sneaker.swift; sourceTree = "<group>"; };
		3E89299321DF2BEB00047EF1 /* SneakerService.swift */ = {isa = PBXFileReference; lastKnownFileType = sourcecode.swift; path = SneakerService.swift; sourceTree = "<group>"; };
		3EA2E4AF21DE7DAC00179F6D /* SlideShowMenu.storyboard */ = {isa = PBXFileReference; lastKnownFileType = file.storyboard; path = SlideShowMenu.storyboard; sourceTree = "<group>"; };
		3EA2E4B321DE7E6700179F6D /* SlideShowMenuController.swift */ = {isa = PBXFileReference; lastKnownFileType = sourcecode.swift; path = SlideShowMenuController.swift; sourceTree = "<group>"; };
		3EA2E4B721DE84FA00179F6D /* PhotoSlideViewCell.swift */ = {isa = PBXFileReference; lastKnownFileType = sourcecode.swift; path = PhotoSlideViewCell.swift; sourceTree = "<group>"; };
		3EF7835621DFE43D000F42E7 /* ChooseSneaker.storyboard */ = {isa = PBXFileReference; lastKnownFileType = file.storyboard; path = ChooseSneaker.storyboard; sourceTree = "<group>"; };
		3EF7835821DFE835000F42E7 /* ChooseSneakerController.swift */ = {isa = PBXFileReference; lastKnownFileType = sourcecode.swift; path = ChooseSneakerController.swift; sourceTree = "<group>"; };
		3EF996F121E83C6E00689F1B /* StockViewCell.swift */ = {isa = PBXFileReference; lastKnownFileType = sourcecode.swift; path = StockViewCell.swift; sourceTree = "<group>"; };
		3EF996F421E87CC300689F1B /* Cart.storyboard */ = {isa = PBXFileReference; lastKnownFileType = file.storyboard; path = Cart.storyboard; sourceTree = "<group>"; };
		3EF996F621E87DDB00689F1B /* CartTableViewController.swift */ = {isa = PBXFileReference; lastKnownFileType = sourcecode.swift; path = CartTableViewController.swift; sourceTree = "<group>"; };
		3EFAC74221EC3C84005150D2 /* GoogleService-Info.plist */ = {isa = PBXFileReference; fileEncoding = 4; lastKnownFileType = text.plist.xml; path = "GoogleService-Info.plist"; sourceTree = "<group>"; };
		3EFAC74521EC3CC3005150D2 /* LoadSneakerUser.storyboard */ = {isa = PBXFileReference; lastKnownFileType = file.storyboard; path = LoadSneakerUser.storyboard; sourceTree = "<group>"; };
		3EFAC74721EC3D1F005150D2 /* LoadSneakerUser.swift */ = {isa = PBXFileReference; lastKnownFileType = sourcecode.swift; path = LoadSneakerUser.swift; sourceTree = "<group>"; };
		3EFAC74921EC41D0005150D2 /* SneakerFirebase.swift */ = {isa = PBXFileReference; lastKnownFileType = sourcecode.swift; path = SneakerFirebase.swift; sourceTree = "<group>"; };
		3EFAF0C921E45D240050DE45 /* MeasureShoesStoryboard.storyboard */ = {isa = PBXFileReference; fileEncoding = 4; lastKnownFileType = file.storyboard; path = MeasureShoesStoryboard.storyboard; sourceTree = "<group>"; };
		3EFAF0CB21E45D680050DE45 /* MeasureShoeViewController.swift */ = {isa = PBXFileReference; fileEncoding = 4; lastKnownFileType = sourcecode.swift; path = MeasureShoeViewController.swift; sourceTree = "<group>"; };
		3EFAF0CD21E45DEB0050DE45 /* SphereNode.swift */ = {isa = PBXFileReference; fileEncoding = 4; lastKnownFileType = sourcecode.swift; path = SphereNode.swift; sourceTree = "<group>"; };
		3EFBE7E321E6F74600D1696C /* Brands.storyboard */ = {isa = PBXFileReference; lastKnownFileType = file.storyboard; path = Brands.storyboard; sourceTree = "<group>"; };
		3EFBE7E521E6F78E00D1696C /* BrandsTableController.swift */ = {isa = PBXFileReference; lastKnownFileType = sourcecode.swift; path = BrandsTableController.swift; sourceTree = "<group>"; };
		44169B53004268A236D45E52 /* Pods_ExpectationSneakersUITests.framework */ = {isa = PBXFileReference; explicitFileType = wrapper.framework; includeInIndex = 0; path = Pods_ExpectationSneakersUITests.framework; sourceTree = BUILT_PRODUCTS_DIR; };
		69DBB6F2838B18876CAD8795 /* Pods-ExpectationSneakersUITests.debug.xcconfig */ = {isa = PBXFileReference; includeInIndex = 1; lastKnownFileType = text.xcconfig; name = "Pods-ExpectationSneakersUITests.debug.xcconfig"; path = "Pods/Target Support Files/Pods-ExpectationSneakersUITests/Pods-ExpectationSneakersUITests.debug.xcconfig"; sourceTree = "<group>"; };
		85F91DA3D958C52F6093D4FA /* Pods-ExpectationSneakersTests.debug.xcconfig */ = {isa = PBXFileReference; includeInIndex = 1; lastKnownFileType = text.xcconfig; name = "Pods-ExpectationSneakersTests.debug.xcconfig"; path = "Pods/Target Support Files/Pods-ExpectationSneakersTests/Pods-ExpectationSneakersTests.debug.xcconfig"; sourceTree = "<group>"; };
		9E2DAA031D9EA8E726EB277A /* Pods-ExpectationSneakersUITests.release.xcconfig */ = {isa = PBXFileReference; includeInIndex = 1; lastKnownFileType = text.xcconfig; name = "Pods-ExpectationSneakersUITests.release.xcconfig"; path = "Pods/Target Support Files/Pods-ExpectationSneakersUITests/Pods-ExpectationSneakersUITests.release.xcconfig"; sourceTree = "<group>"; };
		A59034B58A36446ADEA1EAE1 /* Pods-ExpectationSneakers.debug.xcconfig */ = {isa = PBXFileReference; includeInIndex = 1; lastKnownFileType = text.xcconfig; name = "Pods-ExpectationSneakers.debug.xcconfig"; path = "Pods/Target Support Files/Pods-ExpectationSneakers/Pods-ExpectationSneakers.debug.xcconfig"; sourceTree = "<group>"; };
		AC44FCF825CBF08379B3AF75 /* Pods_ExpectationSneakers.framework */ = {isa = PBXFileReference; explicitFileType = wrapper.framework; includeInIndex = 0; path = Pods_ExpectationSneakers.framework; sourceTree = BUILT_PRODUCTS_DIR; };
		B8964C5321DD62730098E4A9 /* ExpectationSneakers.app */ = {isa = PBXFileReference; explicitFileType = wrapper.application; includeInIndex = 0; path = ExpectationSneakers.app; sourceTree = BUILT_PRODUCTS_DIR; };
		B8964C5621DD62730098E4A9 /* AppDelegate.swift */ = {isa = PBXFileReference; lastKnownFileType = sourcecode.swift; path = AppDelegate.swift; sourceTree = "<group>"; };
		B8964C5821DD62730098E4A9 /* art.scnassets */ = {isa = PBXFileReference; lastKnownFileType = wrapper.scnassets; path = art.scnassets; sourceTree = "<group>"; };
		B8964C5A21DD62730098E4A9 /* ViewController.swift */ = {isa = PBXFileReference; lastKnownFileType = sourcecode.swift; path = ViewController.swift; sourceTree = "<group>"; };
		B8964C5D21DD62730098E4A9 /* Base */ = {isa = PBXFileReference; lastKnownFileType = file.storyboard; name = Base; path = Base.lproj/Main.storyboard; sourceTree = "<group>"; };
		B8964C5F21DD62750098E4A9 /* Assets.xcassets */ = {isa = PBXFileReference; lastKnownFileType = folder.assetcatalog; path = Assets.xcassets; sourceTree = "<group>"; };
		B8964C6221DD62750098E4A9 /* Base */ = {isa = PBXFileReference; lastKnownFileType = file.storyboard; name = Base; path = Base.lproj/LaunchScreen.storyboard; sourceTree = "<group>"; };
		B8964C6421DD62750098E4A9 /* Info.plist */ = {isa = PBXFileReference; lastKnownFileType = text.plist.xml; path = Info.plist; sourceTree = "<group>"; };
		B8964C6921DD62750098E4A9 /* ExpectationSneakersTests.xctest */ = {isa = PBXFileReference; explicitFileType = wrapper.cfbundle; includeInIndex = 0; path = ExpectationSneakersTests.xctest; sourceTree = BUILT_PRODUCTS_DIR; };
		B8964C6D21DD62750098E4A9 /* ExpectationSneakersTests.swift */ = {isa = PBXFileReference; lastKnownFileType = sourcecode.swift; path = ExpectationSneakersTests.swift; sourceTree = "<group>"; };
		B8964C6F21DD62750098E4A9 /* Info.plist */ = {isa = PBXFileReference; lastKnownFileType = text.plist.xml; path = Info.plist; sourceTree = "<group>"; };
		B8964C7421DD62750098E4A9 /* ExpectationSneakersUITests.xctest */ = {isa = PBXFileReference; explicitFileType = wrapper.cfbundle; includeInIndex = 0; path = ExpectationSneakersUITests.xctest; sourceTree = BUILT_PRODUCTS_DIR; };
		B8964C7821DD62750098E4A9 /* ExpectationSneakersUITests.swift */ = {isa = PBXFileReference; lastKnownFileType = sourcecode.swift; path = ExpectationSneakersUITests.swift; sourceTree = "<group>"; };
		B8964C7A21DD62750098E4A9 /* Info.plist */ = {isa = PBXFileReference; lastKnownFileType = text.plist.xml; path = Info.plist; sourceTree = "<group>"; };
		C91FFE532B6F6815A3AC6C2F /* Pods-ExpectationSneakers.release.xcconfig */ = {isa = PBXFileReference; includeInIndex = 1; lastKnownFileType = text.xcconfig; name = "Pods-ExpectationSneakers.release.xcconfig"; path = "Pods/Target Support Files/Pods-ExpectationSneakers/Pods-ExpectationSneakers.release.xcconfig"; sourceTree = "<group>"; };
		E77C44C1DF69154ABAD310F8 /* Pods-ExpectationSneakersTests.release.xcconfig */ = {isa = PBXFileReference; includeInIndex = 1; lastKnownFileType = text.xcconfig; name = "Pods-ExpectationSneakersTests.release.xcconfig"; path = "Pods/Target Support Files/Pods-ExpectationSneakersTests/Pods-ExpectationSneakersTests.release.xcconfig"; sourceTree = "<group>"; };
/* End PBXFileReference section */

/* Begin PBXFrameworksBuildPhase section */
		B8964C5021DD62730098E4A9 /* Frameworks */ = {
			isa = PBXFrameworksBuildPhase;
			buildActionMask = 2147483647;
			files = (
				883A78226FCDA49DCDD95C71 /* Pods_ExpectationSneakers.framework in Frameworks */,
			);
			runOnlyForDeploymentPostprocessing = 0;
		};
		B8964C6621DD62750098E4A9 /* Frameworks */ = {
			isa = PBXFrameworksBuildPhase;
			buildActionMask = 2147483647;
			files = (
				C28EA026B4A32B195009F36B /* Pods_ExpectationSneakersTests.framework in Frameworks */,
			);
			runOnlyForDeploymentPostprocessing = 0;
		};
		B8964C7121DD62750098E4A9 /* Frameworks */ = {
			isa = PBXFrameworksBuildPhase;
			buildActionMask = 2147483647;
			files = (
				12F920E1EFC5FDE1484D9C64 /* Pods_ExpectationSneakersUITests.framework in Frameworks */,
			);
			runOnlyForDeploymentPostprocessing = 0;
		};
/* End PBXFrameworksBuildPhase section */

/* Begin PBXGroup section */
		35B667001C8AA887AFC4A376 /* Frameworks */ = {
			isa = PBXGroup;
			children = (
				AC44FCF825CBF08379B3AF75 /* Pods_ExpectationSneakers.framework */,
				1A98AB5BAD2C39D614A1FDA2 /* Pods_ExpectationSneakersTests.framework */,
				44169B53004268A236D45E52 /* Pods_ExpectationSneakersUITests.framework */,
			);
			name = Frameworks;
			sourceTree = "<group>";
		};
		3E69E52221E724C60098FEE5 /* Stock */ = {
			isa = PBXGroup;
			children = (
				3E69E52321E725000098FEE5 /* Stock.storyboard */,
				3E69E52521E7263E0098FEE5 /* StockCollectionController.swift */,
				3EF996F121E83C6E00689F1B /* StockViewCell.swift */,
			);
			path = Stock;
			sourceTree = "<group>";
		};
		3E88204C21E5845B0013B0C6 /* MeasureRender */ = {
			isa = PBXGroup;
			children = (
				3E88205121E585EA0013B0C6 /* add.png */,
				3E88205421E585EA0013B0C6 /* focus_square.png */,
				3E88205221E585EA0013B0C6 /* grid.png */,
				3E88205521E585EA0013B0C6 /* Plane.swift */,
				3E88205321E585EA0013B0C6 /* ViewMeasureController.swift */,
				3E88204F21E585A60013B0C6 /* MainMeasure.storyboard */,
			);
			path = MeasureRender;
			sourceTree = "<group>";
		};
		3E89299021DF2A1800047EF1 /* Model */ = {
			isa = PBXGroup;
			children = (
				3E89299121DF2A3700047EF1 /* Sneaker.swift */,
				3E89299321DF2BEB00047EF1 /* SneakerService.swift */,
				3EFAC74921EC41D0005150D2 /* SneakerFirebase.swift */,
			);
			path = Model;
			sourceTree = "<group>";
		};
		3EA2E4B221DE7E3500179F6D /* SlideShowMenu */ = {
			isa = PBXGroup;
			children = (
				3EA2E4AF21DE7DAC00179F6D /* SlideShowMenu.storyboard */,
				3EA2E4B321DE7E6700179F6D /* SlideShowMenuController.swift */,
				3EA2E4B721DE84FA00179F6D /* PhotoSlideViewCell.swift */,
				3E89298E21DF0FB300047EF1 /* TopCellViewCell.swift */,
			);
			name = SlideShowMenu;
			path = SlideShowMenuController;
			sourceTree = "<group>";
		};
		3EF7835521DFC88F000F42E7 /* ChooseSneaker */ = {
			isa = PBXGroup;
			children = (
				3EF7835621DFE43D000F42E7 /* ChooseSneaker.storyboard */,
				3EF7835821DFE835000F42E7 /* ChooseSneakerController.swift */,
				3E1DA56221E27726004FF573 /* SizeViewCell.swift */,
			);
			path = ChooseSneaker;
			sourceTree = "<group>";
		};
		3EF996F321E87CA700689F1B /* Cart */ = {
			isa = PBXGroup;
			children = (
				3EF996F421E87CC300689F1B /* Cart.storyboard */,
				3EF996F621E87DDB00689F1B /* CartTableViewController.swift */,
			);
			path = Cart;
			sourceTree = "<group>";
		};
		3EFAC74421EC3C8E005150D2 /* LoadSnaekerUser */ = {
			isa = PBXGroup;
			children = (
				3EFAC74521EC3CC3005150D2 /* LoadSneakerUser.storyboard */,
				3EFAC74721EC3D1F005150D2 /* LoadSneakerUser.swift */,
			);
			path = LoadSnaekerUser;
			sourceTree = "<group>";
		};
		3EFAF0C821E45B0A0050DE45 /* Measure */ = {
			isa = PBXGroup;
			children = (
				3EFBE7E021E6ED0400D1696C /* Controller */,
				3EFAF0C921E45D240050DE45 /* MeasureShoesStoryboard.storyboard */,
			);
			path = Measure;
			sourceTree = "<group>";
		};
		3EFBE7E021E6ED0400D1696C /* Controller */ = {
			isa = PBXGroup;
			children = (
				3E88205D21E5CB890013B0C6 /* TextNode.swift */,
				3E88205B21E5BEFF0013B0C6 /* SCNSphere+Init.swift */,
				3EFAF0CD21E45DEB0050DE45 /* SphereNode.swift */,
				3EFAF0CB21E45D680050DE45 /* MeasureShoeViewController.swift */,
			);
			path = Controller;
			sourceTree = "<group>";
		};
		3EFBE7E221E6F6E800D1696C /* Brands */ = {
			isa = PBXGroup;
			children = (
				3EFBE7E321E6F74600D1696C /* Brands.storyboard */,
				3EFBE7E521E6F78E00D1696C /* BrandsTableController.swift */,
			);
			path = Brands;
			sourceTree = "<group>";
		};
		B8964C4A21DD62730098E4A9 = {
			isa = PBXGroup;
			children = (
				B8964C5521DD62730098E4A9 /* ExpectationSneakers */,
				B8964C6C21DD62750098E4A9 /* ExpectationSneakersTests */,
				B8964C7721DD62750098E4A9 /* ExpectationSneakersUITests */,
				B8964C5421DD62730098E4A9 /* Products */,
				D09D8CCD26DE645465F5FC14 /* Pods */,
				35B667001C8AA887AFC4A376 /* Frameworks */,
			);
			sourceTree = "<group>";
		};
		B8964C5421DD62730098E4A9 /* Products */ = {
			isa = PBXGroup;
			children = (
				B8964C5321DD62730098E4A9 /* ExpectationSneakers.app */,
				B8964C6921DD62750098E4A9 /* ExpectationSneakersTests.xctest */,
				B8964C7421DD62750098E4A9 /* ExpectationSneakersUITests.xctest */,
			);
			name = Products;
			sourceTree = "<group>";
		};
		B8964C5521DD62730098E4A9 /* ExpectationSneakers */ = {
			isa = PBXGroup;
			children = (
				3EFAC74421EC3C8E005150D2 /* LoadSnaekerUser */,
				3EF996F321E87CA700689F1B /* Cart */,
				3E69E52221E724C60098FEE5 /* Stock */,
				3EFBE7E221E6F6E800D1696C /* Brands */,
				3E88204C21E5845B0013B0C6 /* MeasureRender */,
				3EFAF0C821E45B0A0050DE45 /* Measure */,
				3E89299021DF2A1800047EF1 /* Model */,
				3EF7835521DFC88F000F42E7 /* ChooseSneaker */,
				3EA2E4B221DE7E3500179F6D /* SlideShowMenu */,
				B8964C5621DD62730098E4A9 /* AppDelegate.swift */,
				B8964C5821DD62730098E4A9 /* art.scnassets */,
				B8964C5A21DD62730098E4A9 /* ViewController.swift */,
				B8964C5C21DD62730098E4A9 /* Main.storyboard */,
				B8964C5F21DD62750098E4A9 /* Assets.xcassets */,
				B8964C6121DD62750098E4A9 /* LaunchScreen.storyboard */,
				B8964C6421DD62750098E4A9 /* Info.plist */,
				3E89298C21DF03FB00047EF1 /* MainTabBar.storyboard */,
				3EFAC74221EC3C84005150D2 /* GoogleService-Info.plist */,
			);
			path = ExpectationSneakers;
			sourceTree = "<group>";
		};
		B8964C6C21DD62750098E4A9 /* ExpectationSneakersTests */ = {
			isa = PBXGroup;
			children = (
				B8964C6D21DD62750098E4A9 /* ExpectationSneakersTests.swift */,
				B8964C6F21DD62750098E4A9 /* Info.plist */,
			);
			path = ExpectationSneakersTests;
			sourceTree = "<group>";
		};
		B8964C7721DD62750098E4A9 /* ExpectationSneakersUITests */ = {
			isa = PBXGroup;
			children = (
				B8964C7821DD62750098E4A9 /* ExpectationSneakersUITests.swift */,
				B8964C7A21DD62750098E4A9 /* Info.plist */,
			);
			path = ExpectationSneakersUITests;
			sourceTree = "<group>";
		};
		D09D8CCD26DE645465F5FC14 /* Pods */ = {
			isa = PBXGroup;
			children = (
				A59034B58A36446ADEA1EAE1 /* Pods-ExpectationSneakers.debug.xcconfig */,
				C91FFE532B6F6815A3AC6C2F /* Pods-ExpectationSneakers.release.xcconfig */,
				85F91DA3D958C52F6093D4FA /* Pods-ExpectationSneakersTests.debug.xcconfig */,
				E77C44C1DF69154ABAD310F8 /* Pods-ExpectationSneakersTests.release.xcconfig */,
				69DBB6F2838B18876CAD8795 /* Pods-ExpectationSneakersUITests.debug.xcconfig */,
				9E2DAA031D9EA8E726EB277A /* Pods-ExpectationSneakersUITests.release.xcconfig */,
			);
			name = Pods;
			sourceTree = "<group>";
		};
/* End PBXGroup section */

/* Begin PBXNativeTarget section */
		B8964C5221DD62730098E4A9 /* ExpectationSneakers */ = {
			isa = PBXNativeTarget;
			buildConfigurationList = B8964C7D21DD62750098E4A9 /* Build configuration list for PBXNativeTarget "ExpectationSneakers" */;
			buildPhases = (
				75EA546E26304A8929E487FA /* [CP] Check Pods Manifest.lock */,
				B8964C4F21DD62730098E4A9 /* Sources */,
				B8964C5021DD62730098E4A9 /* Frameworks */,
				B8964C5121DD62730098E4A9 /* Resources */,
				D338695988833DF1640C3302 /* [CP] Embed Pods Frameworks */,
			);
			buildRules = (
			);
			dependencies = (
			);
			name = ExpectationSneakers;
			productName = ExpectationSneakers;
			productReference = B8964C5321DD62730098E4A9 /* ExpectationSneakers.app */;
			productType = "com.apple.product-type.application";
		};
		B8964C6821DD62750098E4A9 /* ExpectationSneakersTests */ = {
			isa = PBXNativeTarget;
			buildConfigurationList = B8964C8021DD62750098E4A9 /* Build configuration list for PBXNativeTarget "ExpectationSneakersTests" */;
			buildPhases = (
				6B5C5C86F138AD437B9F2A89 /* [CP] Check Pods Manifest.lock */,
				B8964C6521DD62750098E4A9 /* Sources */,
				B8964C6621DD62750098E4A9 /* Frameworks */,
				B8964C6721DD62750098E4A9 /* Resources */,
			);
			buildRules = (
			);
			dependencies = (
				B8964C6B21DD62750098E4A9 /* PBXTargetDependency */,
			);
			name = ExpectationSneakersTests;
			productName = ExpectationSneakersTests;
			productReference = B8964C6921DD62750098E4A9 /* ExpectationSneakersTests.xctest */;
			productType = "com.apple.product-type.bundle.unit-test";
		};
		B8964C7321DD62750098E4A9 /* ExpectationSneakersUITests */ = {
			isa = PBXNativeTarget;
			buildConfigurationList = B8964C8321DD62750098E4A9 /* Build configuration list for PBXNativeTarget "ExpectationSneakersUITests" */;
			buildPhases = (
				9035150D0CFF74E4E843098F /* [CP] Check Pods Manifest.lock */,
				B8964C7021DD62750098E4A9 /* Sources */,
				B8964C7121DD62750098E4A9 /* Frameworks */,
				B8964C7221DD62750098E4A9 /* Resources */,
			);
			buildRules = (
			);
			dependencies = (
				B8964C7621DD62750098E4A9 /* PBXTargetDependency */,
			);
			name = ExpectationSneakersUITests;
			productName = ExpectationSneakersUITests;
			productReference = B8964C7421DD62750098E4A9 /* ExpectationSneakersUITests.xctest */;
			productType = "com.apple.product-type.bundle.ui-testing";
		};
/* End PBXNativeTarget section */

/* Begin PBXProject section */
		B8964C4B21DD62730098E4A9 /* Project object */ = {
			isa = PBXProject;
			attributes = {
				LastSwiftUpdateCheck = 1010;
				LastUpgradeCheck = 1010;
				ORGANIZATIONNAME = "Brian Morales";
				TargetAttributes = {
					B8964C5221DD62730098E4A9 = {
						CreatedOnToolsVersion = 10.1;
					};
					B8964C6821DD62750098E4A9 = {
						CreatedOnToolsVersion = 10.1;
						TestTargetID = B8964C5221DD62730098E4A9;
					};
					B8964C7321DD62750098E4A9 = {
						CreatedOnToolsVersion = 10.1;
						TestTargetID = B8964C5221DD62730098E4A9;
					};
				};
			};
			buildConfigurationList = B8964C4E21DD62730098E4A9 /* Build configuration list for PBXProject "ExpectationSneakers" */;
			compatibilityVersion = "Xcode 9.3";
			developmentRegion = en;
			hasScannedForEncodings = 0;
			knownRegions = (
				en,
				Base,
			);
			mainGroup = B8964C4A21DD62730098E4A9;
			productRefGroup = B8964C5421DD62730098E4A9 /* Products */;
			projectDirPath = "";
			projectRoot = "";
			targets = (
				B8964C5221DD62730098E4A9 /* ExpectationSneakers */,
				B8964C6821DD62750098E4A9 /* ExpectationSneakersTests */,
				B8964C7321DD62750098E4A9 /* ExpectationSneakersUITests */,
			);
		};
/* End PBXProject section */

/* Begin PBXResourcesBuildPhase section */
		B8964C5121DD62730098E4A9 /* Resources */ = {
			isa = PBXResourcesBuildPhase;
			buildActionMask = 2147483647;
			files = (
				3EFBE7E421E6F74600D1696C /* Brands.storyboard in Resources */,
				3EA2E4B021DE7DAC00179F6D /* SlideShowMenu.storyboard in Resources */,
				3EFAC74621EC3CC3005150D2 /* LoadSneakerUser.storyboard in Resources */,
				B8964C5921DD62730098E4A9 /* art.scnassets in Resources */,
				3E69E52421E725000098FEE5 /* Stock.storyboard in Resources */,
				3E88205721E585EA0013B0C6 /* grid.png in Resources */,
				3EF7835721DFE43D000F42E7 /* ChooseSneaker.storyboard in Resources */,
				3E88205621E585EA0013B0C6 /* add.png in Resources */,
				B8964C6321DD62750098E4A9 /* LaunchScreen.storyboard in Resources */,
				3EFAF0CA21E45D240050DE45 /* MeasureShoesStoryboard.storyboard in Resources */,
				3EFAC74321EC3C84005150D2 /* GoogleService-Info.plist in Resources */,
				3E89298D21DF03FB00047EF1 /* MainTabBar.storyboard in Resources */,
				3E88205021E585A60013B0C6 /* MainMeasure.storyboard in Resources */,
				B8964C6021DD62750098E4A9 /* Assets.xcassets in Resources */,
				B8964C5E21DD62730098E4A9 /* Main.storyboard in Resources */,
				3EF996F521E87CC300689F1B /* Cart.storyboard in Resources */,
				3E88205921E585EA0013B0C6 /* focus_square.png in Resources */,
			);
			runOnlyForDeploymentPostprocessing = 0;
		};
		B8964C6721DD62750098E4A9 /* Resources */ = {
			isa = PBXResourcesBuildPhase;
			buildActionMask = 2147483647;
			files = (
			);
			runOnlyForDeploymentPostprocessing = 0;
		};
		B8964C7221DD62750098E4A9 /* Resources */ = {
			isa = PBXResourcesBuildPhase;
			buildActionMask = 2147483647;
			files = (
			);
			runOnlyForDeploymentPostprocessing = 0;
		};
/* End PBXResourcesBuildPhase section */

/* Begin PBXShellScriptBuildPhase section */
		6B5C5C86F138AD437B9F2A89 /* [CP] Check Pods Manifest.lock */ = {
			isa = PBXShellScriptBuildPhase;
			buildActionMask = 2147483647;
			files = (
			);
			inputFileListPaths = (
			);
			inputPaths = (
				"${PODS_PODFILE_DIR_PATH}/Podfile.lock",
				"${PODS_ROOT}/Manifest.lock",
			);
			name = "[CP] Check Pods Manifest.lock";
			outputFileListPaths = (
			);
			outputPaths = (
				"$(DERIVED_FILE_DIR)/Pods-ExpectationSneakersTests-checkManifestLockResult.txt",
			);
			runOnlyForDeploymentPostprocessing = 0;
			shellPath = /bin/sh;
			shellScript = "diff \"${PODS_PODFILE_DIR_PATH}/Podfile.lock\" \"${PODS_ROOT}/Manifest.lock\" > /dev/null\nif [ $? != 0 ] ; then\n    # print error to STDERR\n    echo \"error: The sandbox is not in sync with the Podfile.lock. Run 'pod install' or update your CocoaPods installation.\" >&2\n    exit 1\nfi\n# This output is used by Xcode 'outputs' to avoid re-running this script phase.\necho \"SUCCESS\" > \"${SCRIPT_OUTPUT_FILE_0}\"\n";
			showEnvVarsInLog = 0;
		};
		75EA546E26304A8929E487FA /* [CP] Check Pods Manifest.lock */ = {
			isa = PBXShellScriptBuildPhase;
			buildActionMask = 2147483647;
			files = (
			);
			inputFileListPaths = (
			);
			inputPaths = (
				"${PODS_PODFILE_DIR_PATH}/Podfile.lock",
				"${PODS_ROOT}/Manifest.lock",
			);
			name = "[CP] Check Pods Manifest.lock";
			outputFileListPaths = (
			);
			outputPaths = (
				"$(DERIVED_FILE_DIR)/Pods-ExpectationSneakers-checkManifestLockResult.txt",
			);
			runOnlyForDeploymentPostprocessing = 0;
			shellPath = /bin/sh;
			shellScript = "diff \"${PODS_PODFILE_DIR_PATH}/Podfile.lock\" \"${PODS_ROOT}/Manifest.lock\" > /dev/null\nif [ $? != 0 ] ; then\n    # print error to STDERR\n    echo \"error: The sandbox is not in sync with the Podfile.lock. Run 'pod install' or update your CocoaPods installation.\" >&2\n    exit 1\nfi\n# This output is used by Xcode 'outputs' to avoid re-running this script phase.\necho \"SUCCESS\" > \"${SCRIPT_OUTPUT_FILE_0}\"\n";
			showEnvVarsInLog = 0;
		};
		9035150D0CFF74E4E843098F /* [CP] Check Pods Manifest.lock */ = {
			isa = PBXShellScriptBuildPhase;
			buildActionMask = 2147483647;
			files = (
			);
			inputFileListPaths = (
			);
			inputPaths = (
				"${PODS_PODFILE_DIR_PATH}/Podfile.lock",
				"${PODS_ROOT}/Manifest.lock",
			);
			name = "[CP] Check Pods Manifest.lock";
			outputFileListPaths = (
			);
			outputPaths = (
				"$(DERIVED_FILE_DIR)/Pods-ExpectationSneakersUITests-checkManifestLockResult.txt",
			);
			runOnlyForDeploymentPostprocessing = 0;
			shellPath = /bin/sh;
			shellScript = "diff \"${PODS_PODFILE_DIR_PATH}/Podfile.lock\" \"${PODS_ROOT}/Manifest.lock\" > /dev/null\nif [ $? != 0 ] ; then\n    # print error to STDERR\n    echo \"error: The sandbox is not in sync with the Podfile.lock. Run 'pod install' or update your CocoaPods installation.\" >&2\n    exit 1\nfi\n# This output is used by Xcode 'outputs' to avoid re-running this script phase.\necho \"SUCCESS\" > \"${SCRIPT_OUTPUT_FILE_0}\"\n";
			showEnvVarsInLog = 0;
		};
		D338695988833DF1640C3302 /* [CP] Embed Pods Frameworks */ = {
			isa = PBXShellScriptBuildPhase;
			buildActionMask = 2147483647;
			files = (
			);
			inputFileListPaths = (
			);
			inputPaths = (
				"${SRCROOT}/Pods/Target Support Files/Pods-ExpectationSneakers/Pods-ExpectationSneakers-frameworks.sh",
				"${BUILT_PRODUCTS_DIR}/GTMSessionFetcher/GTMSessionFetcher.framework",
				"${BUILT_PRODUCTS_DIR}/GoogleUtilities/GoogleUtilities.framework",
				"${BUILT_PRODUCTS_DIR}/leveldb-library/leveldb.framework",
				"${BUILT_PRODUCTS_DIR}/nanopb/nanopb.framework",
			);
			name = "[CP] Embed Pods Frameworks";
			outputFileListPaths = (
			);
			outputPaths = (
				"${TARGET_BUILD_DIR}/${FRAMEWORKS_FOLDER_PATH}/GTMSessionFetcher.framework",
				"${TARGET_BUILD_DIR}/${FRAMEWORKS_FOLDER_PATH}/GoogleUtilities.framework",
				"${TARGET_BUILD_DIR}/${FRAMEWORKS_FOLDER_PATH}/leveldb.framework",
				"${TARGET_BUILD_DIR}/${FRAMEWORKS_FOLDER_PATH}/nanopb.framework",
			);
			runOnlyForDeploymentPostprocessing = 0;
			shellPath = /bin/sh;
			shellScript = "\"${SRCROOT}/Pods/Target Support Files/Pods-ExpectationSneakers/Pods-ExpectationSneakers-frameworks.sh\"\n";
			showEnvVarsInLog = 0;
		};
/* End PBXShellScriptBuildPhase section */

/* Begin PBXSourcesBuildPhase section */
		B8964C4F21DD62730098E4A9 /* Sources */ = {
			isa = PBXSourcesBuildPhase;
			buildActionMask = 2147483647;
			files = (
				3EFAC74821EC3D1F005150D2 /* LoadSneakerUser.swift in Sources */,
				3E1DA56321E27726004FF573 /* SizeViewCell.swift in Sources */,
				3E88205C21E5BEFF0013B0C6 /* SCNSphere+Init.swift in Sources */,
				3E89298F21DF0FB300047EF1 /* TopCellViewCell.swift in Sources */,
				3EF996F221E83C6E00689F1B /* StockViewCell.swift in Sources */,
				3E88205E21E5CB890013B0C6 /* TextNode.swift in Sources */,
				3E89299221DF2A3700047EF1 /* Sneaker.swift in Sources */,
				3E88205A21E585EA0013B0C6 /* Plane.swift in Sources */,
				3EF7835921DFE835000F42E7 /* ChooseSneakerController.swift in Sources */,
				3E89299421DF2BEB00047EF1 /* SneakerService.swift in Sources */,
				3E69E52621E7263E0098FEE5 /* StockCollectionController.swift in Sources */,
				3EFAF0CE21E45DEB0050DE45 /* SphereNode.swift in Sources */,
				3E88205821E585EA0013B0C6 /* ViewMeasureController.swift in Sources */,
				3EFAC74A21EC41D0005150D2 /* SneakerFirebase.swift in Sources */,
				B8964C5B21DD62730098E4A9 /* ViewController.swift in Sources */,
				3EA2E4B821DE84FA00179F6D /* PhotoSlideViewCell.swift in Sources */,
				3EF996F721E87DDB00689F1B /* CartTableViewController.swift in Sources */,
				3EFBE7E621E6F78E00D1696C /* BrandsTableController.swift in Sources */,
				B8964C5721DD62730098E4A9 /* AppDelegate.swift in Sources */,
				3EFAF0CC21E45D680050DE45 /* MeasureShoeViewController.swift in Sources */,
				3EA2E4B421DE7E6700179F6D /* SlideShowMenuController.swift in Sources */,
			);
			runOnlyForDeploymentPostprocessing = 0;
		};
		B8964C6521DD62750098E4A9 /* Sources */ = {
			isa = PBXSourcesBuildPhase;
			buildActionMask = 2147483647;
			files = (
				B8964C6E21DD62750098E4A9 /* ExpectationSneakersTests.swift in Sources */,
			);
			runOnlyForDeploymentPostprocessing = 0;
		};
		B8964C7021DD62750098E4A9 /* Sources */ = {
			isa = PBXSourcesBuildPhase;
			buildActionMask = 2147483647;
			files = (
				B8964C7921DD62750098E4A9 /* ExpectationSneakersUITests.swift in Sources */,
			);
			runOnlyForDeploymentPostprocessing = 0;
		};
/* End PBXSourcesBuildPhase section */

/* Begin PBXTargetDependency section */
		B8964C6B21DD62750098E4A9 /* PBXTargetDependency */ = {
			isa = PBXTargetDependency;
			target = B8964C5221DD62730098E4A9 /* ExpectationSneakers */;
			targetProxy = B8964C6A21DD62750098E4A9 /* PBXContainerItemProxy */;
		};
		B8964C7621DD62750098E4A9 /* PBXTargetDependency */ = {
			isa = PBXTargetDependency;
			target = B8964C5221DD62730098E4A9 /* ExpectationSneakers */;
			targetProxy = B8964C7521DD62750098E4A9 /* PBXContainerItemProxy */;
		};
/* End PBXTargetDependency section */

/* Begin PBXVariantGroup section */
		B8964C5C21DD62730098E4A9 /* Main.storyboard */ = {
			isa = PBXVariantGroup;
			children = (
				B8964C5D21DD62730098E4A9 /* Base */,
			);
			name = Main.storyboard;
			sourceTree = "<group>";
		};
		B8964C6121DD62750098E4A9 /* LaunchScreen.storyboard */ = {
			isa = PBXVariantGroup;
			children = (
				B8964C6221DD62750098E4A9 /* Base */,
			);
			name = LaunchScreen.storyboard;
			sourceTree = "<group>";
		};
/* End PBXVariantGroup section */

/* Begin XCBuildConfiguration section */
		B8964C7B21DD62750098E4A9 /* Debug */ = {
			isa = XCBuildConfiguration;
			buildSettings = {
				ALWAYS_SEARCH_USER_PATHS = NO;
				CLANG_ANALYZER_NONNULL = YES;
				CLANG_ANALYZER_NUMBER_OBJECT_CONVERSION = YES_AGGRESSIVE;
				CLANG_CXX_LANGUAGE_STANDARD = "gnu++14";
				CLANG_CXX_LIBRARY = "libc++";
				CLANG_ENABLE_MODULES = YES;
				CLANG_ENABLE_OBJC_ARC = YES;
				CLANG_ENABLE_OBJC_WEAK = YES;
				CLANG_WARN_BLOCK_CAPTURE_AUTORELEASING = YES;
				CLANG_WARN_BOOL_CONVERSION = YES;
				CLANG_WARN_COMMA = YES;
				CLANG_WARN_CONSTANT_CONVERSION = YES;
				CLANG_WARN_DEPRECATED_OBJC_IMPLEMENTATIONS = YES;
				CLANG_WARN_DIRECT_OBJC_ISA_USAGE = YES_ERROR;
				CLANG_WARN_DOCUMENTATION_COMMENTS = YES;
				CLANG_WARN_EMPTY_BODY = YES;
				CLANG_WARN_ENUM_CONVERSION = YES;
				CLANG_WARN_INFINITE_RECURSION = YES;
				CLANG_WARN_INT_CONVERSION = YES;
				CLANG_WARN_NON_LITERAL_NULL_CONVERSION = YES;
				CLANG_WARN_OBJC_IMPLICIT_RETAIN_SELF = YES;
				CLANG_WARN_OBJC_LITERAL_CONVERSION = YES;
				CLANG_WARN_OBJC_ROOT_CLASS = YES_ERROR;
				CLANG_WARN_RANGE_LOOP_ANALYSIS = YES;
				CLANG_WARN_STRICT_PROTOTYPES = YES;
				CLANG_WARN_SUSPICIOUS_MOVE = YES;
				CLANG_WARN_UNGUARDED_AVAILABILITY = YES_AGGRESSIVE;
				CLANG_WARN_UNREACHABLE_CODE = YES;
				CLANG_WARN__DUPLICATE_METHOD_MATCH = YES;
				CODE_SIGN_IDENTITY = "iPhone Developer";
				COPY_PHASE_STRIP = NO;
				DEBUG_INFORMATION_FORMAT = dwarf;
				ENABLE_STRICT_OBJC_MSGSEND = YES;
				ENABLE_TESTABILITY = YES;
				GCC_C_LANGUAGE_STANDARD = gnu11;
				GCC_DYNAMIC_NO_PIC = NO;
				GCC_NO_COMMON_BLOCKS = YES;
				GCC_OPTIMIZATION_LEVEL = 0;
				GCC_PREPROCESSOR_DEFINITIONS = (
					"DEBUG=1",
					"$(inherited)",
				);
				GCC_WARN_64_TO_32_BIT_CONVERSION = YES;
				GCC_WARN_ABOUT_RETURN_TYPE = YES_ERROR;
				GCC_WARN_UNDECLARED_SELECTOR = YES;
				GCC_WARN_UNINITIALIZED_AUTOS = YES_AGGRESSIVE;
				GCC_WARN_UNUSED_FUNCTION = YES;
				GCC_WARN_UNUSED_VARIABLE = YES;
				IPHONEOS_DEPLOYMENT_TARGET = 12.1;
				MTL_ENABLE_DEBUG_INFO = INCLUDE_SOURCE;
				MTL_FAST_MATH = YES;
				ONLY_ACTIVE_ARCH = YES;
				SDKROOT = iphoneos;
				SWIFT_ACTIVE_COMPILATION_CONDITIONS = DEBUG;
				SWIFT_OPTIMIZATION_LEVEL = "-Onone";
			};
			name = Debug;
		};
		B8964C7C21DD62750098E4A9 /* Release */ = {
			isa = XCBuildConfiguration;
			buildSettings = {
				ALWAYS_SEARCH_USER_PATHS = NO;
				CLANG_ANALYZER_NONNULL = YES;
				CLANG_ANALYZER_NUMBER_OBJECT_CONVERSION = YES_AGGRESSIVE;
				CLANG_CXX_LANGUAGE_STANDARD = "gnu++14";
				CLANG_CXX_LIBRARY = "libc++";
				CLANG_ENABLE_MODULES = YES;
				CLANG_ENABLE_OBJC_ARC = YES;
				CLANG_ENABLE_OBJC_WEAK = YES;
				CLANG_WARN_BLOCK_CAPTURE_AUTORELEASING = YES;
				CLANG_WARN_BOOL_CONVERSION = YES;
				CLANG_WARN_COMMA = YES;
				CLANG_WARN_CONSTANT_CONVERSION = YES;
				CLANG_WARN_DEPRECATED_OBJC_IMPLEMENTATIONS = YES;
				CLANG_WARN_DIRECT_OBJC_ISA_USAGE = YES_ERROR;
				CLANG_WARN_DOCUMENTATION_COMMENTS = YES;
				CLANG_WARN_EMPTY_BODY = YES;
				CLANG_WARN_ENUM_CONVERSION = YES;
				CLANG_WARN_INFINITE_RECURSION = YES;
				CLANG_WARN_INT_CONVERSION = YES;
				CLANG_WARN_NON_LITERAL_NULL_CONVERSION = YES;
				CLANG_WARN_OBJC_IMPLICIT_RETAIN_SELF = YES;
				CLANG_WARN_OBJC_LITERAL_CONVERSION = YES;
				CLANG_WARN_OBJC_ROOT_CLASS = YES_ERROR;
				CLANG_WARN_RANGE_LOOP_ANALYSIS = YES;
				CLANG_WARN_STRICT_PROTOTYPES = YES;
				CLANG_WARN_SUSPICIOUS_MOVE = YES;
				CLANG_WARN_UNGUARDED_AVAILABILITY = YES_AGGRESSIVE;
				CLANG_WARN_UNREACHABLE_CODE = YES;
				CLANG_WARN__DUPLICATE_METHOD_MATCH = YES;
				CODE_SIGN_IDENTITY = "iPhone Developer";
				COPY_PHASE_STRIP = NO;
				DEBUG_INFORMATION_FORMAT = "dwarf-with-dsym";
				ENABLE_NS_ASSERTIONS = NO;
				ENABLE_STRICT_OBJC_MSGSEND = YES;
				GCC_C_LANGUAGE_STANDARD = gnu11;
				GCC_NO_COMMON_BLOCKS = YES;
				GCC_WARN_64_TO_32_BIT_CONVERSION = YES;
				GCC_WARN_ABOUT_RETURN_TYPE = YES_ERROR;
				GCC_WARN_UNDECLARED_SELECTOR = YES;
				GCC_WARN_UNINITIALIZED_AUTOS = YES_AGGRESSIVE;
				GCC_WARN_UNUSED_FUNCTION = YES;
				GCC_WARN_UNUSED_VARIABLE = YES;
				IPHONEOS_DEPLOYMENT_TARGET = 12.1;
				MTL_ENABLE_DEBUG_INFO = NO;
				MTL_FAST_MATH = YES;
				SDKROOT = iphoneos;
				SWIFT_COMPILATION_MODE = wholemodule;
				SWIFT_OPTIMIZATION_LEVEL = "-O";
				VALIDATE_PRODUCT = YES;
			};
			name = Release;
		};
		B8964C7E21DD62750098E4A9 /* Debug */ = {
			isa = XCBuildConfiguration;
			baseConfigurationReference = A59034B58A36446ADEA1EAE1 /* Pods-ExpectationSneakers.debug.xcconfig */;
			buildSettings = {
				ASSETCATALOG_COMPILER_APPICON_NAME = AppIcon;
				CODE_SIGN_STYLE = Automatic;
				DEVELOPMENT_TEAM = SF9ZG4WLFD;
				INFOPLIST_FILE = ExpectationSneakers/Info.plist;
				LD_RUNPATH_SEARCH_PATHS = (
					"$(inherited)",
					"@executable_path/Frameworks",
				);
				PRODUCT_BUNDLE_IDENTIFIER = ExpectationSneakers;
				PRODUCT_NAME = "$(TARGET_NAME)";
				SWIFT_VERSION = 4.2;
				TARGETED_DEVICE_FAMILY = "1,2";
			};
			name = Debug;
		};
		B8964C7F21DD62750098E4A9 /* Release */ = {
			isa = XCBuildConfiguration;
			baseConfigurationReference = C91FFE532B6F6815A3AC6C2F /* Pods-ExpectationSneakers.release.xcconfig */;
			buildSettings = {
				ASSETCATALOG_COMPILER_APPICON_NAME = AppIcon;
				CODE_SIGN_STYLE = Automatic;
				DEVELOPMENT_TEAM = SF9ZG4WLFD;
				INFOPLIST_FILE = ExpectationSneakers/Info.plist;
				LD_RUNPATH_SEARCH_PATHS = (
					"$(inherited)",
					"@executable_path/Frameworks",
				);
				PRODUCT_BUNDLE_IDENTIFIER = ExpectationSneakers;
				PRODUCT_NAME = "$(TARGET_NAME)";
				SWIFT_VERSION = 4.2;
				TARGETED_DEVICE_FAMILY = "1,2";
			};
			name = Release;
		};
		B8964C8121DD62750098E4A9 /* Debug */ = {
			isa = XCBuildConfiguration;
			baseConfigurationReference = 85F91DA3D958C52F6093D4FA /* Pods-ExpectationSneakersTests.debug.xcconfig */;
			buildSettings = {
				ALWAYS_EMBED_SWIFT_STANDARD_LIBRARIES = YES;
				BUNDLE_LOADER = "$(TEST_HOST)";
				CODE_SIGN_STYLE = Automatic;
				DEVELOPMENT_TEAM = 33B4V79W5J;
				INFOPLIST_FILE = ExpectationSneakersTests/Info.plist;
				LD_RUNPATH_SEARCH_PATHS = (
					"$(inherited)",
					"@executable_path/Frameworks",
					"@loader_path/Frameworks",
				);
				PRODUCT_BUNDLE_IDENTIFIER = BMO.ExpectationSneakersTests;
				PRODUCT_NAME = "$(TARGET_NAME)";
				SWIFT_VERSION = 4.2;
				TARGETED_DEVICE_FAMILY = "1,2";
				TEST_HOST = "$(BUILT_PRODUCTS_DIR)/ExpectationSneakers.app/ExpectationSneakers";
			};
			name = Debug;
		};
		B8964C8221DD62750098E4A9 /* Release */ = {
			isa = XCBuildConfiguration;
			baseConfigurationReference = E77C44C1DF69154ABAD310F8 /* Pods-ExpectationSneakersTests.release.xcconfig */;
			buildSettings = {
				ALWAYS_EMBED_SWIFT_STANDARD_LIBRARIES = YES;
				BUNDLE_LOADER = "$(TEST_HOST)";
				CODE_SIGN_STYLE = Automatic;
				DEVELOPMENT_TEAM = 33B4V79W5J;
				INFOPLIST_FILE = ExpectationSneakersTests/Info.plist;
				LD_RUNPATH_SEARCH_PATHS = (
					"$(inherited)",
					"@executable_path/Frameworks",
					"@loader_path/Frameworks",
				);
				PRODUCT_BUNDLE_IDENTIFIER = BMO.ExpectationSneakersTests;
				PRODUCT_NAME = "$(TARGET_NAME)";
				SWIFT_VERSION = 4.2;
				TARGETED_DEVICE_FAMILY = "1,2";
				TEST_HOST = "$(BUILT_PRODUCTS_DIR)/ExpectationSneakers.app/ExpectationSneakers";
			};
			name = Release;
		};
		B8964C8421DD62750098E4A9 /* Debug */ = {
			isa = XCBuildConfiguration;
			baseConfigurationReference = 69DBB6F2838B18876CAD8795 /* Pods-ExpectationSneakersUITests.debug.xcconfig */;
			buildSettings = {
				ALWAYS_EMBED_SWIFT_STANDARD_LIBRARIES = YES;
				CODE_SIGN_STYLE = Automatic;
				DEVELOPMENT_TEAM = 33B4V79W5J;
				INFOPLIST_FILE = ExpectationSneakersUITests/Info.plist;
				LD_RUNPATH_SEARCH_PATHS = (
					"$(inherited)",
					"@executable_path/Frameworks",
					"@loader_path/Frameworks",
				);
				PRODUCT_BUNDLE_IDENTIFIER = BMO.ExpectationSneakersUITests;
				PRODUCT_NAME = "$(TARGET_NAME)";
				SWIFT_VERSION = 4.2;
				TARGETED_DEVICE_FAMILY = "1,2";
				TEST_TARGET_NAME = ExpectationSneakers;
			};
			name = Debug;
		};
		B8964C8521DD62750098E4A9 /* Release */ = {
			isa = XCBuildConfiguration;
			baseConfigurationReference = 9E2DAA031D9EA8E726EB277A /* Pods-ExpectationSneakersUITests.release.xcconfig */;
			buildSettings = {
				ALWAYS_EMBED_SWIFT_STANDARD_LIBRARIES = YES;
				CODE_SIGN_STYLE = Automatic;
				DEVELOPMENT_TEAM = 33B4V79W5J;
				INFOPLIST_FILE = ExpectationSneakersUITests/Info.plist;
				LD_RUNPATH_SEARCH_PATHS = (
					"$(inherited)",
					"@executable_path/Frameworks",
					"@loader_path/Frameworks",
				);
				PRODUCT_BUNDLE_IDENTIFIER = BMO.ExpectationSneakersUITests;
				PRODUCT_NAME = "$(TARGET_NAME)";
				SWIFT_VERSION = 4.2;
				TARGETED_DEVICE_FAMILY = "1,2";
				TEST_TARGET_NAME = ExpectationSneakers;
			};
			name = Release;
		};
/* End XCBuildConfiguration section */

/* Begin XCConfigurationList section */
		B8964C4E21DD62730098E4A9 /* Build configuration list for PBXProject "ExpectationSneakers" */ = {
			isa = XCConfigurationList;
			buildConfigurations = (
				B8964C7B21DD62750098E4A9 /* Debug */,
				B8964C7C21DD62750098E4A9 /* Release */,
			);
			defaultConfigurationIsVisible = 0;
			defaultConfigurationName = Release;
		};
		B8964C7D21DD62750098E4A9 /* Build configuration list for PBXNativeTarget "ExpectationSneakers" */ = {
			isa = XCConfigurationList;
			buildConfigurations = (
				B8964C7E21DD62750098E4A9 /* Debug */,
				B8964C7F21DD62750098E4A9 /* Release */,
			);
			defaultConfigurationIsVisible = 0;
			defaultConfigurationName = Release;
		};
		B8964C8021DD62750098E4A9 /* Build configuration list for PBXNativeTarget "ExpectationSneakersTests" */ = {
			isa = XCConfigurationList;
			buildConfigurations = (
				B8964C8121DD62750098E4A9 /* Debug */,
				B8964C8221DD62750098E4A9 /* Release */,
			);
			defaultConfigurationIsVisible = 0;
			defaultConfigurationName = Release;
		};
		B8964C8321DD62750098E4A9 /* Build configuration list for PBXNativeTarget "ExpectationSneakersUITests" */ = {
			isa = XCConfigurationList;
			buildConfigurations = (
				B8964C8421DD62750098E4A9 /* Debug */,
				B8964C8521DD62750098E4A9 /* Release */,
			);
			defaultConfigurationIsVisible = 0;
			defaultConfigurationName = Release;
		};
/* End XCConfigurationList section */
	};
	rootObject = B8964C4B21DD62730098E4A9 /* Project object */;
}
